
Microsoft Visual Studio Solution File, Format Version 12.00
# Visual Studio Version 17
VisualStudioVersion = 17.1.32328.378
MinimumVisualStudioVersion = 10.0.40219.1
Project("{FAE04EC0-301F-11D3-BF4B-00C04F79EFBC}") = "CalculatorApp", "CalculatorApp\CalculatorApp.csproj", "{0D506677-5E78-455A-BDD1-EFEABD483DBA}"
EndProject
Project("{FAE04EC0-301F-11D3-BF4B-00C04F79EFBC}") = "CalculatorApp.Test", "CalculatorApp.Test\CalculatorApp.Test.csproj", "{35FC877C-AD51-45F7-9CB8-BE1896F9934B}"
EndProject
Global
	GlobalSection(SolutionConfigurationPlatforms) = preSolution
		Debug|Any CPU = Debug|Any CPU
		Release|Any CPU = Release|Any CPU
	EndGlobalSection
	GlobalSection(ProjectConfigurationPlatforms) = postSolution
		{0D506677-5E78-455A-BDD1-EFEABD483DBA}.Debug|Any CPU.ActiveCfg = Debug|Any CPU
		{0D506677-5E78-455A-BDD1-EFEABD483DBA}.Debug|Any CPU.Build.0 = Debug|Any CPU
		{0D506677-5E78-455A-BDD1-EFEABD483DBA}.Release|Any CPU.ActiveCfg = Release|Any CPU
		{0D506677-5E78-455A-BDD1-EFEABD483DBA}.Release|Any CPU.Build.0 = Release|Any CPU
		{35FC877C-AD51-45F7-9CB8-BE1896F9934B}.Debug|Any CPU.ActiveCfg = Debug|Any CPU
		{35FC877C-AD51-45F7-9CB8-BE1896F9934B}.Debug|Any CPU.Build.0 = Debug|Any CPU
		{35FC877C-AD51-45F7-9CB8-BE1896F9934B}.Release|Any CPU.ActiveCfg = Release|Any CPU
		{35FC877C-AD51-45F7-9CB8-BE1896F9934B}.Release|Any CPU.Build.0 = Release|Any CPU
	EndGlobalSection
	GlobalSection(SolutionProperties) = preSolution
		HideSolutionNode = FALSE
	EndGlobalSection
	GlobalSection(ExtensibilityGlobals) = postSolution
		SolutionGuid = {38DF0608-E24E-4250-B55D-EFD5591AE347}
	EndGlobalSection
EndGlobal
